
Microsoft Visual Studio Solution File, Format Version 12.00
# Visual Studio Version 17
VisualStudioVersion = 17.4.33213.308
MinimumVisualStudioVersion = 10.0.40219.1
Project("{FAE04EC0-301F-11D3-BF4B-00C04F79EFBC}") = "ExemploParametro", "ExemploParametro\ExemploParametro.csproj", "{FF28C113-84D6-4B7D-9964-FB2B8362A06A}"
EndProject
Global
	GlobalSection(SolutionConfigurationPlatforms) = preSolution
		Debug|Any CPU = Debug|Any CPU
		Release|Any CPU = Release|Any CPU
	EndGlobalSection
	GlobalSection(ProjectConfigurationPlatforms) = postSolution
		{FF28C113-84D6-4B7D-9964-FB2B8362A06A}.Debug|Any CPU.ActiveCfg = Debug|Any CPU
		{FF28C113-84D6-4B7D-9964-FB2B8362A06A}.Debug|Any CPU.Build.0 = Debug|Any CPU
		{FF28C113-84D6-4B7D-9964-FB2B8362A06A}.Release|Any CPU.ActiveCfg = Release|Any CPU
		{FF28C113-84D6-4B7D-9964-FB2B8362A06A}.Release|Any CPU.Build.0 = Release|Any CPU
	EndGlobalSection
	GlobalSection(SolutionProperties) = preSolution
		HideSolutionNode = FALSE
	EndGlobalSection
	GlobalSection(ExtensibilityGlobals) = postSolution
		SolutionGuid = {7370CDFC-EAD9-4768-B1F3-810AE2AF67A1}
	EndGlobalSection
EndGlobal
