
Microsoft Visual Studio Solution File, Format Version 12.00
# Visual Studio Version 17
VisualStudioVersion = 17.4.33213.308
MinimumVisualStudioVersion = 10.0.40219.1
Project("{FAE04EC0-301F-11D3-BF4B-00C04F79EFBC}") = "ExerFolhaDePagamento", "ExerFolhaDePagamento\ExerFolhaDePagamento.csproj", "{2EA90A76-A97B-4474-B1BC-98F3CF86253B}"
EndProject
Global
	GlobalSection(SolutionConfigurationPlatforms) = preSolution
		Debug|Any CPU = Debug|Any CPU
		Release|Any CPU = Release|Any CPU
	EndGlobalSection
	GlobalSection(ProjectConfigurationPlatforms) = postSolution
		{2EA90A76-A97B-4474-B1BC-98F3CF86253B}.Debug|Any CPU.ActiveCfg = Debug|Any CPU
		{2EA90A76-A97B-4474-B1BC-98F3CF86253B}.Debug|Any CPU.Build.0 = Debug|Any CPU
		{2EA90A76-A97B-4474-B1BC-98F3CF86253B}.Release|Any CPU.ActiveCfg = Release|Any CPU
		{2EA90A76-A97B-4474-B1BC-98F3CF86253B}.Release|Any CPU.Build.0 = Release|Any CPU
	EndGlobalSection
	GlobalSection(SolutionProperties) = preSolution
		HideSolutionNode = FALSE
	EndGlobalSection
	GlobalSection(ExtensibilityGlobals) = postSolution
		SolutionGuid = {AFC7FE88-3CBB-4F96-8ED6-C3B049FD2829}
	EndGlobalSection
EndGlobal
