
Microsoft Visual Studio Solution File, Format Version 12.00
# Visual Studio Version 17
VisualStudioVersion = 17.4.33213.308
MinimumVisualStudioVersion = 10.0.40219.1
Project("{FAE04EC0-301F-11D3-BF4B-00C04F79EFBC}") = "AreaQuadradoRetangulo", "AreaQuadradoRetangulo\AreaQuadradoRetangulo.csproj", "{0C41DD8A-05AA-48C7-B69C-DB5EDFCDB5B2}"
EndProject
Global
	GlobalSection(SolutionConfigurationPlatforms) = preSolution
		Debug|Any CPU = Debug|Any CPU
		Release|Any CPU = Release|Any CPU
	EndGlobalSection
	GlobalSection(ProjectConfigurationPlatforms) = postSolution
		{0C41DD8A-05AA-48C7-B69C-DB5EDFCDB5B2}.Debug|Any CPU.ActiveCfg = Debug|Any CPU
		{0C41DD8A-05AA-48C7-B69C-DB5EDFCDB5B2}.Debug|Any CPU.Build.0 = Debug|Any CPU
		{0C41DD8A-05AA-48C7-B69C-DB5EDFCDB5B2}.Release|Any CPU.ActiveCfg = Release|Any CPU
		{0C41DD8A-05AA-48C7-B69C-DB5EDFCDB5B2}.Release|Any CPU.Build.0 = Release|Any CPU
	EndGlobalSection
	GlobalSection(SolutionProperties) = preSolution
		HideSolutionNode = FALSE
	EndGlobalSection
	GlobalSection(ExtensibilityGlobals) = postSolution
		SolutionGuid = {88FBC7A0-D047-4EA3-8B54-84FDDC8318A4}
	EndGlobalSection
EndGlobal
